
Microsoft Visual Studio Solution File, Format Version 9.00
# Visual Studio 2005
Project("{FAE04EC0-301F-11D3-BF4B-00C04F79EFBC}") = "Mine", "Mine.csproj", "{B72A99A2-1EBD-4B41-B749-59DCAACC73DB}"
EndProject
Global
	GlobalSection(SolutionConfigurationPlatforms) = preSolution
		Debug|Any CPU = Debug|Any CPU
		Release|Any CPU = Release|Any CPU
	EndGlobalSection
	GlobalSection(ProjectConfigurationPlatforms) = postSolution
		{B72A99A2-1EBD-4B41-B749-59DCAACC73DB}.Debug|Any CPU.ActiveCfg = Debug|Any CPU
		{B72A99A2-1EBD-4B41-B749-59DCAACC73DB}.Debug|Any CPU.Build.0 = Debug|Any CPU
		{B72A99A2-1EBD-4B41-B749-59DCAACC73DB}.Release|Any CPU.ActiveCfg = Release|Any CPU
		{B72A99A2-1EBD-4B41-B749-59DCAACC73DB}.Release|Any CPU.Build.0 = Release|Any CPU
	EndGlobalSection
	GlobalSection(SolutionProperties) = preSolution
		HideSolutionNode = FALSE
	EndGlobalSection
EndGlobal
